// !$*UTF8*$!
{
	archiveVersion = 1;
	classes = {
	};
	objectVersion = 46;
	objects = {

/* Begin PBXBuildFile section */
		46BF7AA517AFEE7800678564 /* NSDictionarySlowTransformer.m in Sources */ = {isa = PBXBuildFile; fileRef = 46BF7AA417AFEE7800678564 /* NSDictionarySlowTransformer.m */; };
		46BF7AA817AFEEFA00678564 /* ReadWriteSaveConcurrent.xcdatamodeld in Sources */ = {isa = PBXBuildFile; fileRef = 46BF7AA617AFEEF900678564 /* ReadWriteSaveConcurrent.xcdatamodeld */; };
		46BF7AAB17AFEF4100678564 /* ReadWriteSaveConcurrentTest.m in Sources */ = {isa = PBXBuildFile; fileRef = 46BF7AAA17AFEF4100678564 /* ReadWriteSaveConcurrentTest.m */; };
		EE1209D217C05E6C00FBE575 /* KeyedArchiverTest.m in Sources */ = {isa = PBXBuildFile; fileRef = EE1209D117C05E6C00FBE575 /* KeyedArchiverTest.m */; };
		EE1209EC17C0BBBC00FBE575 /* AssetsLibrary.framework in Frameworks */ = {isa = PBXBuildFile; fileRef = EE1209EB17C0BBBC00FBE575 /* AssetsLibrary.framework */; };
		EE2294CA17CDA2A4000B5256 /* HTTPConnection.m in Sources */ = {isa = PBXBuildFile; fileRef = EE2294C917CDA2A4000B5256 /* HTTPConnection.m */; };
		EE22952417CEEBE0000B5256 /* AssetForURLTest.m in Sources */ = {isa = PBXBuildFile; fileRef = EE22952317CEEBE0000B5256 /* AssetForURLTest.m */; };
		EE22952717CEECD6000B5256 /* ALAssetsLibrary+Utils.m in Sources */ = {isa = PBXBuildFile; fileRef = EE22952617CEECD6000B5256 /* ALAssetsLibrary+Utils.m */; };
		EE22952A17CEEE93000B5256 /* ALAssetsGroup+Utils.m in Sources */ = {isa = PBXBuildFile; fileRef = EE22952917CEEE93000B5256 /* ALAssetsGroup+Utils.m */; };
		EE366AB717B0B4CE003793F6 /* OverrideWithDifferentReturnTypesTest.m in Sources */ = {isa = PBXBuildFile; fileRef = EE366AB617B0B4CE003793F6 /* OverrideWithDifferentReturnTypesTest.m */; };
		EE4A739517CAE2B000707821 /* FetchWithPredicateNil.xcdatamodeld in Sources */ = {isa = PBXBuildFile; fileRef = EE4A739317CAE2B000707821 /* FetchWithPredicateNil.xcdatamodeld */; };
		EE4A739817CAE2C800707821 /* FetchWithPredicateNilTest.m in Sources */ = {isa = PBXBuildFile; fileRef = EE4A739717CAE2C800707821 /* FetchWithPredicateNilTest.m */; };
		EE4A739B17CAE38200707821 /* FetchWithPredicateNilPerson.m in Sources */ = {isa = PBXBuildFile; fileRef = EE4A739A17CAE38200707821 /* FetchWithPredicateNilPerson.m */; };
		EE4DC6A117AB6CE2003EF354 /* SameAttributesForDifferentEntities.xcdatamodeld in Sources */ = {isa = PBXBuildFile; fileRef = EE4DC69F17AB6CE2003EF354 /* SameAttributesForDifferentEntities.xcdatamodeld */; };
		EE4DC6A417AB6DA4003EF354 /* SameAttributesForDifferentEntitiesTest.m in Sources */ = {isa = PBXBuildFile; fileRef = EE4DC6A317AB6DA4003EF354 /* SameAttributesForDifferentEntitiesTest.m */; };
		EE4DC6AD17AB6E3A003EF354 /* SameManagedObject.m in Sources */ = {isa = PBXBuildFile; fileRef = EE4DC6AC17AB6E3A003EF354 /* SameManagedObject.m */; };
		EEBD674617BDF6B1007B9A9C /* ReadWriteSaveConcurrentItem.m in Sources */ = {isa = PBXBuildFile; fileRef = EEBD674517BDF6B1007B9A9C /* ReadWriteSaveConcurrentItem.m */; };
		EEC7EEF217D6DE0F000B3D10 /* DerivedManagedObject.xcdatamodeld in Sources */ = {isa = PBXBuildFile; fileRef = EEC7EEF017D6DE0F000B3D10 /* DerivedManagedObject.xcdatamodeld */; };
		EEC7EEF517D6DE1F000B3D10 /* DerivedManagedObjectTest.m in Sources */ = {isa = PBXBuildFile; fileRef = EEC7EEF417D6DE1F000B3D10 /* DerivedManagedObjectTest.m */; };
		EEC7EEF817D6DE59000B3D10 /* PhotoManagedObject.m in Sources */ = {isa = PBXBuildFile; fileRef = EEC7EEF717D6DE59000B3D10 /* PhotoManagedObject.m */; };
		EEC7EEFB17D6DE7C000B3D10 /* DerivedPhotoManagedObject.m in Sources */ = {isa = PBXBuildFile; fileRef = EEC7EEFA17D6DE7C000B3D10 /* DerivedPhotoManagedObject.m */; };
		EEC7EEFE17D6DEAD000B3D10 /* PhotoManagedObject+Derived.m in Sources */ = {isa = PBXBuildFile; fileRef = EEC7EEFD17D6DEAD000B3D10 /* PhotoManagedObject+Derived.m */; };
		EEC7F02017D9796E000B3D10 /* ALAssetTransformer.m in Sources */ = {isa = PBXBuildFile; fileRef = EEC7F01F17D9796E000B3D10 /* ALAssetTransformer.m */; };
		EEC7F02317D97988000B3D10 /* ALAssetTransformer.xcdatamodeld in Sources */ = {isa = PBXBuildFile; fileRef = EEC7F02117D97988000B3D10 /* ALAssetTransformer.xcdatamodeld */; };
		EEC7F02617D9799A000B3D10 /* ALAssetTransformerTest.m in Sources */ = {isa = PBXBuildFile; fileRef = EEC7F02517D9799A000B3D10 /* ALAssetTransformerTest.m */; };
		EEC7F02917D97A43000B3D10 /* ALAssetTransformerItem.m in Sources */ = {isa = PBXBuildFile; fileRef = EEC7F02817D97A43000B3D10 /* ALAssetTransformerItem.m */; };
		EEC7F02C17D97ADA000B3D10 /* ALAssetsLibrary+Utils.m in Sources */ = {isa = PBXBuildFile; fileRef = EEC7F02B17D97ADA000B3D10 /* ALAssetsLibrary+Utils.m */; };
		EED1A96C17CC533B0010D265 /* CategoryPerson.m in Sources */ = {isa = PBXBuildFile; fileRef = EED1A96B17CC533B0010D265 /* CategoryPerson.m */; };
		EED1A96F17CC536C0010D265 /* CategoryPerson+age.m in Sources */ = {isa = PBXBuildFile; fileRef = EED1A96E17CC536C0010D265 /* CategoryPerson+age.m */; };
		EED1A97517CC57870010D265 /* CategoryWithPropertiesTest.m in Sources */ = {isa = PBXBuildFile; fileRef = EED1A97417CC57870010D265 /* CategoryWithPropertiesTest.m */; };
		EEE3B424179CE51000EE4FD6 /* UIKit.framework in Frameworks */ = {isa = PBXBuildFile; fileRef = EEE3B423179CE51000EE4FD6 /* UIKit.framework */; };
		EEE3B426179CE51000EE4FD6 /* Foundation.framework in Frameworks */ = {isa = PBXBuildFile; fileRef = EEE3B425179CE51000EE4FD6 /* Foundation.framework */; };
		EEE3B428179CE51000EE4FD6 /* CoreGraphics.framework in Frameworks */ = {isa = PBXBuildFile; fileRef = EEE3B427179CE51000EE4FD6 /* CoreGraphics.framework */; };
		EEE3B460179CE56300EE4FD6 /* AppDelegate.m in Sources */ = {isa = PBXBuildFile; fileRef = EEE3B44B179CE56300EE4FD6 /* AppDelegate.m */; };
		EEE3B462179CE56300EE4FD6 /* Default-568h@2x.png in Resources */ = {isa = PBXBuildFile; fileRef = EEE3B44E179CE56300EE4FD6 /* Default-568h@2x.png */; };
		EEE3B463179CE56300EE4FD6 /* Default.png in Resources */ = {isa = PBXBuildFile; fileRef = EEE3B44F179CE56300EE4FD6 /* Default.png */; };
		EEE3B464179CE56300EE4FD6 /* Default@2x.png in Resources */ = {isa = PBXBuildFile; fileRef = EEE3B450179CE56300EE4FD6 /* Default@2x.png */; };
		EEE3B465179CE56300EE4FD6 /* InfoPlist.strings in Resources */ = {isa = PBXBuildFile; fileRef = EEE3B451179CE56300EE4FD6 /* InfoPlist.strings */; };
		EEE3B466179CE56300EE4FD6 /* MainStoryboard_iPad.storyboard in Resources */ = {isa = PBXBuildFile; fileRef = EEE3B453179CE56300EE4FD6 /* MainStoryboard_iPad.storyboard */; };
		EEE3B467179CE56300EE4FD6 /* MainStoryboard_iPhone.storyboard in Resources */ = {isa = PBXBuildFile; fileRef = EEE3B455179CE56300EE4FD6 /* MainStoryboard_iPhone.storyboard */; };
		EEE3B468179CE56300EE4FD6 /* main.m in Sources */ = {isa = PBXBuildFile; fileRef = EEE3B457179CE56300EE4FD6 /* main.m */; };
		EEE3B469179CE56300EE4FD6 /* ViewController.m in Sources */ = {isa = PBXBuildFile; fileRef = EEE3B459179CE56300EE4FD6 /* ViewController.m */; };
		EEE3B46A179CE56300EE4FD6 /* NSDictionaryTransformer.xcdatamodeld in Sources */ = {isa = PBXBuildFile; fileRef = EEE3B45B179CE56300EE4FD6 /* NSDictionaryTransformer.xcdatamodeld */; };
		EEE3B46B179CE56300EE4FD6 /* NSDictionaryTransformer.m in Sources */ = {isa = PBXBuildFile; fileRef = EEE3B45F179CE56300EE4FD6 /* NSDictionaryTransformer.m */; };
		EEE3B474179CE5BA00EE4FD6 /* Database.m in Sources */ = {isa = PBXBuildFile; fileRef = EEE3B46F179CE5BA00EE4FD6 /* Database.m */; };
		EEE3B475179CE5BA00EE4FD6 /* NSManagedObject+Database.m in Sources */ = {isa = PBXBuildFile; fileRef = EEE3B471179CE5BA00EE4FD6 /* NSManagedObject+Database.m */; };
		EEE3B47A179CE5E200EE4FD6 /* NSURL+Utils.m in Sources */ = {isa = PBXBuildFile; fileRef = EEE3B479179CE5E200EE4FD6 /* NSURL+Utils.m */; };
		EEE3B47C179CE61400EE4FD6 /* CoreData.framework in Frameworks */ = {isa = PBXBuildFile; fileRef = EEE3B47B179CE61400EE4FD6 /* CoreData.framework */; };
		EEE3B47F179CE6BD00EE4FD6 /* NSDictionaryTransformerTest.m in Sources */ = {isa = PBXBuildFile; fileRef = EEE3B47E179CE6BD00EE4FD6 /* NSDictionaryTransformerTest.m */; };
		EEE3B482179D044A00EE4FD6 /* Local.xcdatamodeld in Sources */ = {isa = PBXBuildFile; fileRef = EEE3B480179D044A00EE4FD6 /* Local.xcdatamodeld */; };
		EEE3B497179D17BD00EE4FD6 /* ToManyRelationship.xcdatamodeld in Sources */ = {isa = PBXBuildFile; fileRef = EEE3B493179D17BD00EE4FD6 /* ToManyRelationship.xcdatamodeld */; };
		EEE3B498179D17BD00EE4FD6 /* ToManyRelationshipTest.m in Sources */ = {isa = PBXBuildFile; fileRef = EEE3B496179D17BD00EE4FD6 /* ToManyRelationshipTest.m */; };
		EEE83920179D3C59006F3575 /* TransformerRelationship.xcdatamodeld in Sources */ = {isa = PBXBuildFile; fileRef = EEE8391E179D3C59006F3575 /* TransformerRelationship.xcdatamodeld */; };
		EEE83923179D3C6B006F3575 /* TransformerRelationshipTest.m in Sources */ = {isa = PBXBuildFile; fileRef = EEE83922179D3C6A006F3575 /* TransformerRelationshipTest.m */; };
/* End PBXBuildFile section */

/* Begin PBXFileReference section */
		46BF7AA317AFEE7800678564 /* NSDictionarySlowTransformer.h */ = {isa = PBXFileReference; fileEncoding = 4; lastKnownFileType = sourcecode.c.h; path = NSDictionarySlowTransformer.h; sourceTree = "<group>"; };
		46BF7AA417AFEE7800678564 /* NSDictionarySlowTransformer.m */ = {isa = PBXFileReference; fileEncoding = 4; lastKnownFileType = sourcecode.c.objc; path = NSDictionarySlowTransformer.m; sourceTree = "<group>"; };
		46BF7AA717AFEEFA00678564 /* ReadWriteSaveConcurrent.xcdatamodel */ = {isa = PBXFileReference; lastKnownFileType = wrapper.xcdatamodel; path = ReadWriteSaveConcurrent.xcdatamodel; sourceTree = "<group>"; };
		46BF7AA917AFEF4100678564 /* ReadWriteSaveConcurrentTest.h */ = {isa = PBXFileReference; fileEncoding = 4; lastKnownFileType = sourcecode.c.h; path = ReadWriteSaveConcurrentTest.h; sourceTree = "<group>"; };
		46BF7AAA17AFEF4100678564 /* ReadWriteSaveConcurrentTest.m */ = {isa = PBXFileReference; fileEncoding = 4; lastKnownFileType = sourcecode.c.objc; path = ReadWriteSaveConcurrentTest.m; sourceTree = "<group>"; };
		EE1209D017C05E6C00FBE575 /* KeyedArchiverTest.h */ = {isa = PBXFileReference; fileEncoding = 4; lastKnownFileType = sourcecode.c.h; path = KeyedArchiverTest.h; sourceTree = "<group>"; };
		EE1209D117C05E6C00FBE575 /* KeyedArchiverTest.m */ = {isa = PBXFileReference; fileEncoding = 4; lastKnownFileType = sourcecode.c.objc; path = KeyedArchiverTest.m; sourceTree = "<group>"; };
		EE1209EB17C0BBBC00FBE575 /* AssetsLibrary.framework */ = {isa = PBXFileReference; lastKnownFileType = wrapper.framework; name = AssetsLibrary.framework; path = System/Library/Frameworks/AssetsLibrary.framework; sourceTree = SDKROOT; };
		EE2294C817CDA2A4000B5256 /* HTTPConnection.h */ = {isa = PBXFileReference; fileEncoding = 4; lastKnownFileType = sourcecode.c.h; path = HTTPConnection.h; sourceTree = "<group>"; };
		EE2294C917CDA2A4000B5256 /* HTTPConnection.m */ = {isa = PBXFileReference; fileEncoding = 4; lastKnownFileType = sourcecode.c.objc; path = HTTPConnection.m; sourceTree = "<group>"; };
		EE22952217CEEBE0000B5256 /* AssetForURLTest.h */ = {isa = PBXFileReference; fileEncoding = 4; lastKnownFileType = sourcecode.c.h; path = AssetForURLTest.h; sourceTree = "<group>"; };
		EE22952317CEEBE0000B5256 /* AssetForURLTest.m */ = {isa = PBXFileReference; fileEncoding = 4; lastKnownFileType = sourcecode.c.objc; path = AssetForURLTest.m; sourceTree = "<group>"; };
		EE22952517CEECD6000B5256 /* ALAssetsLibrary+Utils.h */ = {isa = PBXFileReference; fileEncoding = 4; lastKnownFileType = sourcecode.c.h; path = "ALAssetsLibrary+Utils.h"; sourceTree = "<group>"; };
		EE22952617CEECD6000B5256 /* ALAssetsLibrary+Utils.m */ = {isa = PBXFileReference; fileEncoding = 4; lastKnownFileType = sourcecode.c.objc; path = "ALAssetsLibrary+Utils.m"; sourceTree = "<group>"; };
		EE22952817CEEE93000B5256 /* ALAssetsGroup+Utils.h */ = {isa = PBXFileReference; fileEncoding = 4; lastKnownFileType = sourcecode.c.h; path = "ALAssetsGroup+Utils.h"; sourceTree = "<group>"; };
		EE22952917CEEE93000B5256 /* ALAssetsGroup+Utils.m */ = {isa = PBXFileReference; fileEncoding = 4; lastKnownFileType = sourcecode.c.objc; path = "ALAssetsGroup+Utils.m"; sourceTree = "<group>"; };
		EE366AB517B0B4CE003793F6 /* OverrideWithDifferentReturnTypesTest.h */ = {isa = PBXFileReference; fileEncoding = 4; lastKnownFileType = sourcecode.c.h; path = OverrideWithDifferentReturnTypesTest.h; sourceTree = "<group>"; };
		EE366AB617B0B4CE003793F6 /* OverrideWithDifferentReturnTypesTest.m */ = {isa = PBXFileReference; fileEncoding = 4; lastKnownFileType = sourcecode.c.objc; path = OverrideWithDifferentReturnTypesTest.m; sourceTree = "<group>"; };
		EE4A739417CAE2B000707821 /* FetchWithPredicateNil.xcdatamodel */ = {isa = PBXFileReference; lastKnownFileType = wrapper.xcdatamodel; path = FetchWithPredicateNil.xcdatamodel; sourceTree = "<group>"; };
		EE4A739617CAE2C800707821 /* FetchWithPredicateNilTest.h */ = {isa = PBXFileReference; fileEncoding = 4; lastKnownFileType = sourcecode.c.h; path = FetchWithPredicateNilTest.h; sourceTree = "<group>"; };
		EE4A739717CAE2C800707821 /* FetchWithPredicateNilTest.m */ = {isa = PBXFileReference; fileEncoding = 4; lastKnownFileType = sourcecode.c.objc; path = FetchWithPredicateNilTest.m; sourceTree = "<group>"; };
		EE4A739917CAE38200707821 /* FetchWithPredicateNilPerson.h */ = {isa = PBXFileReference; fileEncoding = 4; lastKnownFileType = sourcecode.c.h; path = FetchWithPredicateNilPerson.h; sourceTree = "<group>"; };
		EE4A739A17CAE38200707821 /* FetchWithPredicateNilPerson.m */ = {isa = PBXFileReference; fileEncoding = 4; lastKnownFileType = sourcecode.c.objc; path = FetchWithPredicateNilPerson.m; sourceTree = "<group>"; };
		EE4DC6A017AB6CE2003EF354 /* SameAttributesForDifferentEntities.xcdatamodel */ = {isa = PBXFileReference; lastKnownFileType = wrapper.xcdatamodel; path = SameAttributesForDifferentEntities.xcdatamodel; sourceTree = "<group>"; };
		EE4DC6A217AB6DA4003EF354 /* SameAttributesForDifferentEntitiesTest.h */ = {isa = PBXFileReference; fileEncoding = 4; lastKnownFileType = sourcecode.c.h; path = SameAttributesForDifferentEntitiesTest.h; sourceTree = "<group>"; };
		EE4DC6A317AB6DA4003EF354 /* SameAttributesForDifferentEntitiesTest.m */ = {isa = PBXFileReference; fileEncoding = 4; lastKnownFileType = sourcecode.c.objc; path = SameAttributesForDifferentEntitiesTest.m; sourceTree = "<group>"; };
		EE4DC6AB17AB6E3A003EF354 /* SameManagedObject.h */ = {isa = PBXFileReference; fileEncoding = 4; lastKnownFileType = sourcecode.c.h; path = SameManagedObject.h; sourceTree = "<group>"; };
		EE4DC6AC17AB6E3A003EF354 /* SameManagedObject.m */ = {isa = PBXFileReference; fileEncoding = 4; lastKnownFileType = sourcecode.c.objc; path = SameManagedObject.m; sourceTree = "<group>"; };
		EEBD674417BDF6B1007B9A9C /* ReadWriteSaveConcurrentItem.h */ = {isa = PBXFileReference; fileEncoding = 4; lastKnownFileType = sourcecode.c.h; path = ReadWriteSaveConcurrentItem.h; sourceTree = "<group>"; };
		EEBD674517BDF6B1007B9A9C /* ReadWriteSaveConcurrentItem.m */ = {isa = PBXFileReference; fileEncoding = 4; lastKnownFileType = sourcecode.c.objc; path = ReadWriteSaveConcurrentItem.m; sourceTree = "<group>"; };
		EEC7EEF117D6DE0F000B3D10 /* DerivedManagedObject.xcdatamodel */ = {isa = PBXFileReference; lastKnownFileType = wrapper.xcdatamodel; path = DerivedManagedObject.xcdatamodel; sourceTree = "<group>"; };
		EEC7EEF317D6DE1F000B3D10 /* DerivedManagedObjectTest.h */ = {isa = PBXFileReference; fileEncoding = 4; lastKnownFileType = sourcecode.c.h; path = DerivedManagedObjectTest.h; sourceTree = "<group>"; };
		EEC7EEF417D6DE1F000B3D10 /* DerivedManagedObjectTest.m */ = {isa = PBXFileReference; fileEncoding = 4; lastKnownFileType = sourcecode.c.objc; path = DerivedManagedObjectTest.m; sourceTree = "<group>"; };
		EEC7EEF617D6DE59000B3D10 /* PhotoManagedObject.h */ = {isa = PBXFileReference; fileEncoding = 4; lastKnownFileType = sourcecode.c.h; path = PhotoManagedObject.h; sourceTree = "<group>"; };
		EEC7EEF717D6DE59000B3D10 /* PhotoManagedObject.m */ = {isa = PBXFileReference; fileEncoding = 4; lastKnownFileType = sourcecode.c.objc; path = PhotoManagedObject.m; sourceTree = "<group>"; };
		EEC7EEF917D6DE7C000B3D10 /* DerivedPhotoManagedObject.h */ = {isa = PBXFileReference; fileEncoding = 4; lastKnownFileType = sourcecode.c.h; path = DerivedPhotoManagedObject.h; sourceTree = "<group>"; };
		EEC7EEFA17D6DE7C000B3D10 /* DerivedPhotoManagedObject.m */ = {isa = PBXFileReference; fileEncoding = 4; lastKnownFileType = sourcecode.c.objc; path = DerivedPhotoManagedObject.m; sourceTree = "<group>"; };
		EEC7EEFC17D6DEAD000B3D10 /* PhotoManagedObject+Derived.h */ = {isa = PBXFileReference; fileEncoding = 4; lastKnownFileType = sourcecode.c.h; path = "PhotoManagedObject+Derived.h"; sourceTree = "<group>"; };
		EEC7EEFD17D6DEAD000B3D10 /* PhotoManagedObject+Derived.m */ = {isa = PBXFileReference; fileEncoding = 4; lastKnownFileType = sourcecode.c.objc; path = "PhotoManagedObject+Derived.m"; sourceTree = "<group>"; };
		EEC7F01E17D9796E000B3D10 /* ALAssetTransformer.h */ = {isa = PBXFileReference; fileEncoding = 4; lastKnownFileType = sourcecode.c.h; path = ALAssetTransformer.h; sourceTree = "<group>"; };
		EEC7F01F17D9796E000B3D10 /* ALAssetTransformer.m */ = {isa = PBXFileReference; fileEncoding = 4; lastKnownFileType = sourcecode.c.objc; path = ALAssetTransformer.m; sourceTree = "<group>"; };
		EEC7F02217D97988000B3D10 /* ALAssetTransformer.xcdatamodel */ = {isa = PBXFileReference; lastKnownFileType = wrapper.xcdatamodel; path = ALAssetTransformer.xcdatamodel; sourceTree = "<group>"; };
		EEC7F02417D9799A000B3D10 /* ALAssetTransformerTest.h */ = {isa = PBXFileReference; fileEncoding = 4; lastKnownFileType = sourcecode.c.h; path = ALAssetTransformerTest.h; sourceTree = "<group>"; };
		EEC7F02517D9799A000B3D10 /* ALAssetTransformerTest.m */ = {isa = PBXFileReference; fileEncoding = 4; lastKnownFileType = sourcecode.c.objc; path = ALAssetTransformerTest.m; sourceTree = "<group>"; };
		EEC7F02717D97A43000B3D10 /* ALAssetTransformerItem.h */ = {isa = PBXFileReference; fileEncoding = 4; lastKnownFileType = sourcecode.c.h; path = ALAssetTransformerItem.h; sourceTree = "<group>"; };
		EEC7F02817D97A43000B3D10 /* ALAssetTransformerItem.m */ = {isa = PBXFileReference; fileEncoding = 4; lastKnownFileType = sourcecode.c.objc; path = ALAssetTransformerItem.m; sourceTree = "<group>"; };
		EEC7F02A17D97AD9000B3D10 /* ALAssetsLibrary+Utils.h */ = {isa = PBXFileReference; fileEncoding = 4; lastKnownFileType = sourcecode.c.h; path = "ALAssetsLibrary+Utils.h"; sourceTree = "<group>"; };
		EEC7F02B17D97ADA000B3D10 /* ALAssetsLibrary+Utils.m */ = {isa = PBXFileReference; fileEncoding = 4; lastKnownFileType = sourcecode.c.objc; path = "ALAssetsLibrary+Utils.m"; sourceTree = "<group>"; };
		EED1A96A17CC533B0010D265 /* CategoryPerson.h */ = {isa = PBXFileReference; fileEncoding = 4; lastKnownFileType = sourcecode.c.h; path = CategoryPerson.h; sourceTree = "<group>"; };
		EED1A96B17CC533B0010D265 /* CategoryPerson.m */ = {isa = PBXFileReference; fileEncoding = 4; lastKnownFileType = sourcecode.c.objc; path = CategoryPerson.m; sourceTree = "<group>"; };
		EED1A96D17CC536C0010D265 /* CategoryPerson+age.h */ = {isa = PBXFileReference; fileEncoding = 4; lastKnownFileType = sourcecode.c.h; path = "CategoryPerson+age.h"; sourceTree = "<group>"; };
		EED1A96E17CC536C0010D265 /* CategoryPerson+age.m */ = {isa = PBXFileReference; fileEncoding = 4; lastKnownFileType = sourcecode.c.objc; path = "CategoryPerson+age.m"; sourceTree = "<group>"; };
		EED1A97317CC57870010D265 /* CategoryWithPropertiesTest.h */ = {isa = PBXFileReference; fileEncoding = 4; lastKnownFileType = sourcecode.c.h; path = CategoryWithPropertiesTest.h; sourceTree = "<group>"; };
		EED1A97417CC57870010D265 /* CategoryWithPropertiesTest.m */ = {isa = PBXFileReference; fileEncoding = 4; lastKnownFileType = sourcecode.c.objc; path = CategoryWithPropertiesTest.m; sourceTree = "<group>"; };
		EEE3B420179CE51000EE4FD6 /* Database.app */ = {isa = PBXFileReference; explicitFileType = wrapper.application; includeInIndex = 0; path = Database.app; sourceTree = BUILT_PRODUCTS_DIR; };
		EEE3B423179CE51000EE4FD6 /* UIKit.framework */ = {isa = PBXFileReference; lastKnownFileType = wrapper.framework; name = UIKit.framework; path = System/Library/Frameworks/UIKit.framework; sourceTree = SDKROOT; };
		EEE3B425179CE51000EE4FD6 /* Foundation.framework */ = {isa = PBXFileReference; lastKnownFileType = wrapper.framework; name = Foundation.framework; path = System/Library/Frameworks/Foundation.framework; sourceTree = SDKROOT; };
		EEE3B427179CE51000EE4FD6 /* CoreGraphics.framework */ = {isa = PBXFileReference; lastKnownFileType = wrapper.framework; name = CoreGraphics.framework; path = System/Library/Frameworks/CoreGraphics.framework; sourceTree = SDKROOT; };
		EEE3B44A179CE56300EE4FD6 /* AppDelegate.h */ = {isa = PBXFileReference; fileEncoding = 4; lastKnownFileType = sourcecode.c.h; path = AppDelegate.h; sourceTree = "<group>"; };
		EEE3B44B179CE56300EE4FD6 /* AppDelegate.m */ = {isa = PBXFileReference; fileEncoding = 4; lastKnownFileType = sourcecode.c.objc; path = AppDelegate.m; sourceTree = "<group>"; };
		EEE3B44C179CE56300EE4FD6 /* Database-Info.plist */ = {isa = PBXFileReference; fileEncoding = 4; lastKnownFileType = text.plist.xml; path = "Database-Info.plist"; sourceTree = "<group>"; };
		EEE3B44D179CE56300EE4FD6 /* Database-Prefix.pch */ = {isa = PBXFileReference; fileEncoding = 4; lastKnownFileType = sourcecode.c.h; path = "Database-Prefix.pch"; sourceTree = "<group>"; };
		EEE3B44E179CE56300EE4FD6 /* Default-568h@2x.png */ = {isa = PBXFileReference; lastKnownFileType = image.png; path = "Default-568h@2x.png"; sourceTree = "<group>"; };
		EEE3B44F179CE56300EE4FD6 /* Default.png */ = {isa = PBXFileReference; lastKnownFileType = image.png; path = Default.png; sourceTree = "<group>"; };
		EEE3B450179CE56300EE4FD6 /* Default@2x.png */ = {isa = PBXFileReference; lastKnownFileType = image.png; path = "Default@2x.png"; sourceTree = "<group>"; };
		EEE3B452179CE56300EE4FD6 /* en */ = {isa = PBXFileReference; lastKnownFileType = text.plist.strings; name = en; path = en.lproj/InfoPlist.strings; sourceTree = "<group>"; };
		EEE3B454179CE56300EE4FD6 /* en */ = {isa = PBXFileReference; lastKnownFileType = file.storyboard; name = en; path = en.lproj/MainStoryboard_iPad.storyboard; sourceTree = "<group>"; };
		EEE3B456179CE56300EE4FD6 /* en */ = {isa = PBXFileReference; lastKnownFileType = file.storyboard; name = en; path = en.lproj/MainStoryboard_iPhone.storyboard; sourceTree = "<group>"; };
		EEE3B457179CE56300EE4FD6 /* main.m */ = {isa = PBXFileReference; fileEncoding = 4; lastKnownFileType = sourcecode.c.objc; path = main.m; sourceTree = "<group>"; };
		EEE3B458179CE56300EE4FD6 /* ViewController.h */ = {isa = PBXFileReference; fileEncoding = 4; lastKnownFileType = sourcecode.c.h; path = ViewController.h; sourceTree = "<group>"; };
		EEE3B459179CE56300EE4FD6 /* ViewController.m */ = {isa = PBXFileReference; fileEncoding = 4; lastKnownFileType = sourcecode.c.objc; path = ViewController.m; sourceTree = "<group>"; };
		EEE3B45C179CE56300EE4FD6 /* NSDictionaryTransformer.xcdatamodel */ = {isa = PBXFileReference; lastKnownFileType = wrapper.xcdatamodel; path = NSDictionaryTransformer.xcdatamodel; sourceTree = "<group>"; };
		EEE3B45E179CE56300EE4FD6 /* NSDictionaryTransformer.h */ = {isa = PBXFileReference; fileEncoding = 4; lastKnownFileType = sourcecode.c.h; path = NSDictionaryTransformer.h; sourceTree = "<group>"; };
		EEE3B45F179CE56300EE4FD6 /* NSDictionaryTransformer.m */ = {isa = PBXFileReference; fileEncoding = 4; lastKnownFileType = sourcecode.c.objc; path = NSDictionaryTransformer.m; sourceTree = "<group>"; };
		EEE3B46E179CE5BA00EE4FD6 /* Database.h */ = {isa = PBXFileReference; fileEncoding = 4; lastKnownFileType = sourcecode.c.h; path = Database.h; sourceTree = "<group>"; };
		EEE3B46F179CE5BA00EE4FD6 /* Database.m */ = {isa = PBXFileReference; fileEncoding = 4; lastKnownFileType = sourcecode.c.objc; path = Database.m; sourceTree = "<group>"; };
		EEE3B470179CE5BA00EE4FD6 /* NSManagedObject+Database.h */ = {isa = PBXFileReference; fileEncoding = 4; lastKnownFileType = sourcecode.c.h; path = "NSManagedObject+Database.h"; sourceTree = "<group>"; };
		EEE3B471179CE5BA00EE4FD6 /* NSManagedObject+Database.m */ = {isa = PBXFileReference; fileEncoding = 4; lastKnownFileType = sourcecode.c.objc; path = "NSManagedObject+Database.m"; sourceTree = "<group>"; };
		EEE3B478179CE5E200EE4FD6 /* NSURL+Utils.h */ = {isa = PBXFileReference; fileEncoding = 4; lastKnownFileType = sourcecode.c.h; path = "NSURL+Utils.h"; sourceTree = "<group>"; };
		EEE3B479179CE5E200EE4FD6 /* NSURL+Utils.m */ = {isa = PBXFileReference; fileEncoding = 4; lastKnownFileType = sourcecode.c.objc; path = "NSURL+Utils.m"; sourceTree = "<group>"; };
		EEE3B47B179CE61400EE4FD6 /* CoreData.framework */ = {isa = PBXFileReference; lastKnownFileType = wrapper.framework; name = CoreData.framework; path = System/Library/Frameworks/CoreData.framework; sourceTree = SDKROOT; };
		EEE3B47D179CE6BD00EE4FD6 /* NSDictionaryTransformerTest.h */ = {isa = PBXFileReference; fileEncoding = 4; lastKnownFileType = sourcecode.c.h; path = NSDictionaryTransformerTest.h; sourceTree = "<group>"; };
		EEE3B47E179CE6BD00EE4FD6 /* NSDictionaryTransformerTest.m */ = {isa = PBXFileReference; fileEncoding = 4; lastKnownFileType = sourcecode.c.objc; path = NSDictionaryTransformerTest.m; sourceTree = "<group>"; };
		EEE3B481179D044A00EE4FD6 /* Local.xcdatamodel */ = {isa = PBXFileReference; lastKnownFileType = wrapper.xcdatamodel; path = Local.xcdatamodel; sourceTree = "<group>"; };
		EEE3B494179D17BD00EE4FD6 /* ToManyRelationship.xcdatamodel */ = {isa = PBXFileReference; lastKnownFileType = wrapper.xcdatamodel; path = ToManyRelationship.xcdatamodel; sourceTree = "<group>"; };
		EEE3B495179D17BD00EE4FD6 /* ToManyRelationshipTest.h */ = {isa = PBXFileReference; fileEncoding = 4; lastKnownFileType = sourcecode.c.h; path = ToManyRelationshipTest.h; sourceTree = "<group>"; };
		EEE3B496179D17BD00EE4FD6 /* ToManyRelationshipTest.m */ = {isa = PBXFileReference; fileEncoding = 4; lastKnownFileType = sourcecode.c.objc; path = ToManyRelationshipTest.m; sourceTree = "<group>"; };
		EEE8391F179D3C59006F3575 /* TransformerRelationship.xcdatamodel */ = {isa = PBXFileReference; lastKnownFileType = wrapper.xcdatamodel; path = TransformerRelationship.xcdatamodel; sourceTree = "<group>"; };
		EEE83921179D3C6A006F3575 /* TransformerRelationshipTest.h */ = {isa = PBXFileReference; fileEncoding = 4; lastKnownFileType = sourcecode.c.h; path = TransformerRelationshipTest.h; sourceTree = "<group>"; };
		EEE83922179D3C6A006F3575 /* TransformerRelationshipTest.m */ = {isa = PBXFileReference; fileEncoding = 4; lastKnownFileType = sourcecode.c.objc; path = TransformerRelationshipTest.m; sourceTree = "<group>"; };
/* End PBXFileReference section */

/* Begin PBXFrameworksBuildPhase section */
		EEE3B41D179CE51000EE4FD6 /* Frameworks */ = {
			isa = PBXFrameworksBuildPhase;
			buildActionMask = 2147483647;
			files = (
				EE1209EC17C0BBBC00FBE575 /* AssetsLibrary.framework in Frameworks */,
				EEE3B47C179CE61400EE4FD6 /* CoreData.framework in Frameworks */,
				EEE3B424179CE51000EE4FD6 /* UIKit.framework in Frameworks */,
				EEE3B426179CE51000EE4FD6 /* Foundation.framework in Frameworks */,
				EEE3B428179CE51000EE4FD6 /* CoreGraphics.framework in Frameworks */,
			);
			runOnlyForDeploymentPostprocessing = 0;
		};
/* End PBXFrameworksBuildPhase section */

/* Begin PBXGroup section */
		46BF7AA217AFEE7800678564 /* ReadWriteSaveConcurrent */ = {
			isa = PBXGroup;
			children = (
				46BF7AA317AFEE7800678564 /* NSDictionarySlowTransformer.h */,
				46BF7AA417AFEE7800678564 /* NSDictionarySlowTransformer.m */,
				46BF7AA917AFEF4100678564 /* ReadWriteSaveConcurrentTest.h */,
				46BF7AAA17AFEF4100678564 /* ReadWriteSaveConcurrentTest.m */,
				EEBD674417BDF6B1007B9A9C /* ReadWriteSaveConcurrentItem.h */,
				EEBD674517BDF6B1007B9A9C /* ReadWriteSaveConcurrentItem.m */,
				46BF7AA617AFEEF900678564 /* ReadWriteSaveConcurrent.xcdatamodeld */,
			);
			path = ReadWriteSaveConcurrent;
			sourceTree = "<group>";
		};
		EE1209CF17C05E5600FBE575 /* NSKeyedArchiver */ = {
			isa = PBXGroup;
			children = (
				EE1209D017C05E6C00FBE575 /* KeyedArchiverTest.h */,
				EE1209D117C05E6C00FBE575 /* KeyedArchiverTest.m */,
			);
			path = NSKeyedArchiver;
			sourceTree = "<group>";
		};
		EE2294C717CDA297000B5256 /* HTTPConnection */ = {
			isa = PBXGroup;
			children = (
				EE2294C817CDA2A4000B5256 /* HTTPConnection.h */,
				EE2294C917CDA2A4000B5256 /* HTTPConnection.m */,
			);
			path = HTTPConnection;
			sourceTree = "<group>";
		};
		EE22952117CEEBD0000B5256 /* AssetForURL */ = {
			isa = PBXGroup;
			children = (
				EE22952217CEEBE0000B5256 /* AssetForURLTest.h */,
				EE22952317CEEBE0000B5256 /* AssetForURLTest.m */,
				EE22952517CEECD6000B5256 /* ALAssetsLibrary+Utils.h */,
				EE22952617CEECD6000B5256 /* ALAssetsLibrary+Utils.m */,
				EE22952817CEEE93000B5256 /* ALAssetsGroup+Utils.h */,
				EE22952917CEEE93000B5256 /* ALAssetsGroup+Utils.m */,
			);
			path = AssetForURL;
			sourceTree = "<group>";
		};
		EE366AB417B0B4AF003793F6 /* OverrideWithDifferentReturnTypes */ = {
			isa = PBXGroup;
			children = (
				EE366AB517B0B4CE003793F6 /* OverrideWithDifferentReturnTypesTest.h */,
				EE366AB617B0B4CE003793F6 /* OverrideWithDifferentReturnTypesTest.m */,
			);
			path = OverrideWithDifferentReturnTypes;
			sourceTree = "<group>";
		};
		EE4A739217CAE29F00707821 /* FetchWithPredicateNil */ = {
			isa = PBXGroup;
			children = (
				EE4A739317CAE2B000707821 /* FetchWithPredicateNil.xcdatamodeld */,
				EE4A739617CAE2C800707821 /* FetchWithPredicateNilTest.h */,
				EE4A739717CAE2C800707821 /* FetchWithPredicateNilTest.m */,
				EE4A739917CAE38200707821 /* FetchWithPredicateNilPerson.h */,
				EE4A739A17CAE38200707821 /* FetchWithPredicateNilPerson.m */,
			);
			path = FetchWithPredicateNil;
			sourceTree = "<group>";
		};
		EEC7EEEF17D6DDFC000B3D10 /* DerivedManagedObject */ = {
			isa = PBXGroup;
			children = (
				EEC7EEF017D6DE0F000B3D10 /* DerivedManagedObject.xcdatamodeld */,
				EEC7EEF317D6DE1F000B3D10 /* DerivedManagedObjectTest.h */,
				EEC7EEF417D6DE1F000B3D10 /* DerivedManagedObjectTest.m */,
				EEC7EEF617D6DE59000B3D10 /* PhotoManagedObject.h */,
				EEC7EEF717D6DE59000B3D10 /* PhotoManagedObject.m */,
				EEC7EEFC17D6DEAD000B3D10 /* PhotoManagedObject+Derived.h */,
				EEC7EEFD17D6DEAD000B3D10 /* PhotoManagedObject+Derived.m */,
				EEC7EEF917D6DE7C000B3D10 /* DerivedPhotoManagedObject.h */,
				EEC7EEFA17D6DE7C000B3D10 /* DerivedPhotoManagedObject.m */,
			);
			path = DerivedManagedObject;
			sourceTree = "<group>";
		};
		EEC7F01D17D9793B000B3D10 /* ALAssetTransformer */ = {
			isa = PBXGroup;
			children = (
				EEC7F02417D9799A000B3D10 /* ALAssetTransformerTest.h */,
				EEC7F02517D9799A000B3D10 /* ALAssetTransformerTest.m */,
				EEC7F01E17D9796E000B3D10 /* ALAssetTransformer.h */,
				EEC7F01F17D9796E000B3D10 /* ALAssetTransformer.m */,
				EEC7F02117D97988000B3D10 /* ALAssetTransformer.xcdatamodeld */,
				EEC7F02717D97A43000B3D10 /* ALAssetTransformerItem.h */,
				EEC7F02817D97A43000B3D10 /* ALAssetTransformerItem.m */,
				EEC7F02A17D97AD9000B3D10 /* ALAssetsLibrary+Utils.h */,
				EEC7F02B17D97ADA000B3D10 /* ALAssetsLibrary+Utils.m */,
			);
			path = ALAssetTransformer;
			sourceTree = "<group>";
		};
		EED1A96917CC52F80010D265 /* CategeryWithProperties */ = {
			isa = PBXGroup;
			children = (
				EED1A97317CC57870010D265 /* CategoryWithPropertiesTest.h */,
				EED1A97417CC57870010D265 /* CategoryWithPropertiesTest.m */,
				EED1A96A17CC533B0010D265 /* CategoryPerson.h */,
				EED1A96B17CC533B0010D265 /* CategoryPerson.m */,
				EED1A96D17CC536C0010D265 /* CategoryPerson+age.h */,
				EED1A96E17CC536C0010D265 /* CategoryPerson+age.m */,
			);
			path = CategeryWithProperties;
			sourceTree = "<group>";
		};
		EEE3B417179CE51000EE4FD6 = {
			isa = PBXGroup;
			children = (
				EEE3B449179CE56300EE4FD6 /* App */,
				EEE3B45A179CE56300EE4FD6 /* Test */,
				EEE3B429179CE51000EE4FD6 /* Database */,
				EEE3B45D179CE56300EE4FD6 /* ValueTransformer */,
				EEE3B477179CE5CA00EE4FD6 /* Utils */,
				EEE3B422179CE51000EE4FD6 /* Frameworks */,
				EEE3B421179CE51000EE4FD6 /* Products */,
			);
			sourceTree = "<group>";
		};
		EEE3B421179CE51000EE4FD6 /* Products */ = {
			isa = PBXGroup;
			children = (
				EEE3B420179CE51000EE4FD6 /* Database.app */,
			);
			name = Products;
			sourceTree = "<group>";
		};
		EEE3B422179CE51000EE4FD6 /* Frameworks */ = {
			isa = PBXGroup;
			children = (
				EE1209EB17C0BBBC00FBE575 /* AssetsLibrary.framework */,
				EEE3B423179CE51000EE4FD6 /* UIKit.framework */,
				EEE3B425179CE51000EE4FD6 /* Foundation.framework */,
				EEE3B427179CE51000EE4FD6 /* CoreGraphics.framework */,
				EEE3B47B179CE61400EE4FD6 /* CoreData.framework */,
			);
			name = Frameworks;
			sourceTree = "<group>";
		};
		EEE3B429179CE51000EE4FD6 /* Database */ = {
			isa = PBXGroup;
			children = (
				EEE3B46E179CE5BA00EE4FD6 /* Database.h */,
				EEE3B46F179CE5BA00EE4FD6 /* Database.m */,
				EEE3B470179CE5BA00EE4FD6 /* NSManagedObject+Database.h */,
				EEE3B471179CE5BA00EE4FD6 /* NSManagedObject+Database.m */,
			);
			path = Database;
			sourceTree = "<group>";
		};
		EEE3B449179CE56300EE4FD6 /* App */ = {
			isa = PBXGroup;
			children = (
				EEE3B44A179CE56300EE4FD6 /* AppDelegate.h */,
				EEE3B44B179CE56300EE4FD6 /* AppDelegate.m */,
				EEE3B453179CE56300EE4FD6 /* MainStoryboard_iPad.storyboard */,
				EEE3B455179CE56300EE4FD6 /* MainStoryboard_iPhone.storyboard */,
				EEE3B458179CE56300EE4FD6 /* ViewController.h */,
				EEE3B459179CE56300EE4FD6 /* ViewController.m */,
				EEE3B46D179CE5A300EE4FD6 /* Supporting Files */,
			);
			path = App;
			sourceTree = "<group>";
		};
		EEE3B45A179CE56300EE4FD6 /* Test */ = {
			isa = PBXGroup;
			children = (
				EEC7F01D17D9793B000B3D10 /* ALAssetTransformer */,
				EEC7EEEF17D6DDFC000B3D10 /* DerivedManagedObject */,
				EE22952117CEEBD0000B5256 /* AssetForURL */,
				EE2294C717CDA297000B5256 /* HTTPConnection */,
				EED1A96917CC52F80010D265 /* CategeryWithProperties */,
				EE4A739217CAE29F00707821 /* FetchWithPredicateNil */,
				EE1209CF17C05E5600FBE575 /* NSKeyedArchiver */,
				EEE3B45B179CE56300EE4FD6 /* NSDictionaryTransformer.xcdatamodeld */,
				EEE3B47D179CE6BD00EE4FD6 /* NSDictionaryTransformerTest.h */,
				EEE3B47E179CE6BD00EE4FD6 /* NSDictionaryTransformerTest.m */,
				EEE3B493179D17BD00EE4FD6 /* ToManyRelationship.xcdatamodeld */,
				EEE3B495179D17BD00EE4FD6 /* ToManyRelationshipTest.h */,
				EEE3B496179D17BD00EE4FD6 /* ToManyRelationshipTest.m */,
				EEE8391E179D3C59006F3575 /* TransformerRelationship.xcdatamodeld */,
				EEE83921179D3C6A006F3575 /* TransformerRelationshipTest.h */,
				EEE83922179D3C6A006F3575 /* TransformerRelationshipTest.m */,
				EEE3B480179D044A00EE4FD6 /* Local.xcdatamodeld */,
				EE4DC69F17AB6CE2003EF354 /* SameAttributesForDifferentEntities.xcdatamodeld */,
				EE4DC6A217AB6DA4003EF354 /* SameAttributesForDifferentEntitiesTest.h */,
				EE4DC6A317AB6DA4003EF354 /* SameAttributesForDifferentEntitiesTest.m */,
				EE4DC6AB17AB6E3A003EF354 /* SameManagedObject.h */,
				EE4DC6AC17AB6E3A003EF354 /* SameManagedObject.m */,
				46BF7AA217AFEE7800678564 /* ReadWriteSaveConcurrent */,
				EE366AB417B0B4AF003793F6 /* OverrideWithDifferentReturnTypes */,
			);
			path = Test;
			sourceTree = "<group>";
		};
		EEE3B45D179CE56300EE4FD6 /* ValueTransformer */ = {
			isa = PBXGroup;
			children = (
				EEE3B45E179CE56300EE4FD6 /* NSDictionaryTransformer.h */,
				EEE3B45F179CE56300EE4FD6 /* NSDictionaryTransformer.m */,
			);
			path = ValueTransformer;
			sourceTree = "<group>";
		};
		EEE3B46D179CE5A300EE4FD6 /* Supporting Files */ = {
			isa = PBXGroup;
			children = (
				EEE3B44C179CE56300EE4FD6 /* Database-Info.plist */,
				EEE3B44D179CE56300EE4FD6 /* Database-Prefix.pch */,
				EEE3B44E179CE56300EE4FD6 /* Default-568h@2x.png */,
				EEE3B44F179CE56300EE4FD6 /* Default.png */,
				EEE3B450179CE56300EE4FD6 /* Default@2x.png */,
				EEE3B451179CE56300EE4FD6 /* InfoPlist.strings */,
				EEE3B457179CE56300EE4FD6 /* main.m */,
			);
			name = "Supporting Files";
			sourceTree = "<group>";
		};
		EEE3B477179CE5CA00EE4FD6 /* Utils */ = {
			isa = PBXGroup;
			children = (
				EEE3B478179CE5E200EE4FD6 /* NSURL+Utils.h */,
				EEE3B479179CE5E200EE4FD6 /* NSURL+Utils.m */,
			);
			path = Utils;
			sourceTree = "<group>";
		};
/* End PBXGroup section */

/* Begin PBXNativeTarget section */
		EEE3B41F179CE51000EE4FD6 /* Database */ = {
			isa = PBXNativeTarget;
			buildConfigurationList = EEE3B446179CE51000EE4FD6 /* Build configuration list for PBXNativeTarget "Database" */;
			buildPhases = (
				EEE3B41C179CE51000EE4FD6 /* Sources */,
				EEE3B41D179CE51000EE4FD6 /* Frameworks */,
				EEE3B41E179CE51000EE4FD6 /* Resources */,
			);
			buildRules = (
			);
			dependencies = (
			);
			name = Database;
			productName = Database;
			productReference = EEE3B420179CE51000EE4FD6 /* Database.app */;
			productType = "com.apple.product-type.application";
		};
/* End PBXNativeTarget section */

/* Begin PBXProject section */
		EEE3B418179CE51000EE4FD6 /* Project object */ = {
			isa = PBXProject;
			attributes = {
				LastUpgradeCheck = 0460;
				ORGANIZATIONNAME = nero;
			};
			buildConfigurationList = EEE3B41B179CE51000EE4FD6 /* Build configuration list for PBXProject "Database" */;
			compatibilityVersion = "Xcode 3.2";
			developmentRegion = English;
			hasScannedForEncodings = 0;
			knownRegions = (
				en,
			);
			mainGroup = EEE3B417179CE51000EE4FD6;
			productRefGroup = EEE3B421179CE51000EE4FD6 /* Products */;
			projectDirPath = "";
			projectRoot = "";
			targets = (
				EEE3B41F179CE51000EE4FD6 /* Database */,
			);
		};
/* End PBXProject section */

/* Begin PBXResourcesBuildPhase section */
		EEE3B41E179CE51000EE4FD6 /* Resources */ = {
			isa = PBXResourcesBuildPhase;
			buildActionMask = 2147483647;
			files = (
				EEE3B462179CE56300EE4FD6 /* Default-568h@2x.png in Resources */,
				EEE3B463179CE56300EE4FD6 /* Default.png in Resources */,
				EEE3B464179CE56300EE4FD6 /* Default@2x.png in Resources */,
				EEE3B465179CE56300EE4FD6 /* InfoPlist.strings in Resources */,
				EEE3B466179CE56300EE4FD6 /* MainStoryboard_iPad.storyboard in Resources */,
				EEE3B467179CE56300EE4FD6 /* MainStoryboard_iPhone.storyboard in Resources */,
			);
			runOnlyForDeploymentPostprocessing = 0;
		};
/* End PBXResourcesBuildPhase section */

/* Begin PBXSourcesBuildPhase section */
		EEE3B41C179CE51000EE4FD6 /* Sources */ = {
			isa = PBXSourcesBuildPhase;
			buildActionMask = 2147483647;
			files = (
				EEE3B460179CE56300EE4FD6 /* AppDelegate.m in Sources */,
				EEE3B468179CE56300EE4FD6 /* main.m in Sources */,
				EEE3B469179CE56300EE4FD6 /* ViewController.m in Sources */,
				EEE3B46A179CE56300EE4FD6 /* NSDictionaryTransformer.xcdatamodeld in Sources */,
				EEE3B46B179CE56300EE4FD6 /* NSDictionaryTransformer.m in Sources */,
				EEE3B474179CE5BA00EE4FD6 /* Database.m in Sources */,
				EEE3B475179CE5BA00EE4FD6 /* NSManagedObject+Database.m in Sources */,
				EEE3B47A179CE5E200EE4FD6 /* NSURL+Utils.m in Sources */,
				EEE3B47F179CE6BD00EE4FD6 /* NSDictionaryTransformerTest.m in Sources */,
				EEE3B482179D044A00EE4FD6 /* Local.xcdatamodeld in Sources */,
				EEE3B497179D17BD00EE4FD6 /* ToManyRelationship.xcdatamodeld in Sources */,
				EEE3B498179D17BD00EE4FD6 /* ToManyRelationshipTest.m in Sources */,
				EEE83920179D3C59006F3575 /* TransformerRelationship.xcdatamodeld in Sources */,
				EEE83923179D3C6B006F3575 /* TransformerRelationshipTest.m in Sources */,
				EE4DC6A117AB6CE2003EF354 /* SameAttributesForDifferentEntities.xcdatamodeld in Sources */,
				EE4DC6A417AB6DA4003EF354 /* SameAttributesForDifferentEntitiesTest.m in Sources */,
				EE4DC6AD17AB6E3A003EF354 /* SameManagedObject.m in Sources */,
				46BF7AA517AFEE7800678564 /* NSDictionarySlowTransformer.m in Sources */,
				46BF7AA817AFEEFA00678564 /* ReadWriteSaveConcurrent.xcdatamodeld in Sources */,
				46BF7AAB17AFEF4100678564 /* ReadWriteSaveConcurrentTest.m in Sources */,
				EE366AB717B0B4CE003793F6 /* OverrideWithDifferentReturnTypesTest.m in Sources */,
				EEBD674617BDF6B1007B9A9C /* ReadWriteSaveConcurrentItem.m in Sources */,
				EE1209D217C05E6C00FBE575 /* KeyedArchiverTest.m in Sources */,
				EE4A739517CAE2B000707821 /* FetchWithPredicateNil.xcdatamodeld in Sources */,
				EE4A739817CAE2C800707821 /* FetchWithPredicateNilTest.m in Sources */,
				EE4A739B17CAE38200707821 /* FetchWithPredicateNilPerson.m in Sources */,
				EED1A96C17CC533B0010D265 /* CategoryPerson.m in Sources */,
				EED1A96F17CC536C0010D265 /* CategoryPerson+age.m in Sources */,
				EED1A97517CC57870010D265 /* CategoryWithPropertiesTest.m in Sources */,
				EE2294CA17CDA2A4000B5256 /* HTTPConnection.m in Sources */,
				EE22952417CEEBE0000B5256 /* AssetForURLTest.m in Sources */,
				EE22952717CEECD6000B5256 /* ALAssetsLibrary+Utils.m in Sources */,
				EE22952A17CEEE93000B5256 /* ALAssetsGroup+Utils.m in Sources */,
				EEC7EEF217D6DE0F000B3D10 /* DerivedManagedObject.xcdatamodeld in Sources */,
				EEC7EEF517D6DE1F000B3D10 /* DerivedManagedObjectTest.m in Sources */,
				EEC7EEF817D6DE59000B3D10 /* PhotoManagedObject.m in Sources */,
				EEC7EEFB17D6DE7C000B3D10 /* DerivedPhotoManagedObject.m in Sources */,
				EEC7EEFE17D6DEAD000B3D10 /* PhotoManagedObject+Derived.m in Sources */,
				EEC7F02017D9796E000B3D10 /* ALAssetTransformer.m in Sources */,
				EEC7F02317D97988000B3D10 /* ALAssetTransformer.xcdatamodeld in Sources */,
				EEC7F02617D9799A000B3D10 /* ALAssetTransformerTest.m in Sources */,
				EEC7F02917D97A43000B3D10 /* ALAssetTransformerItem.m in Sources */,
				EEC7F02C17D97ADA000B3D10 /* ALAssetsLibrary+Utils.m in Sources */,
			);
			runOnlyForDeploymentPostprocessing = 0;
		};
/* End PBXSourcesBuildPhase section */

/* Begin PBXVariantGroup section */
		EEE3B451179CE56300EE4FD6 /* InfoPlist.strings */ = {
			isa = PBXVariantGroup;
			children = (
				EEE3B452179CE56300EE4FD6 /* en */,
			);
			name = InfoPlist.strings;
			sourceTree = "<group>";
		};
		EEE3B453179CE56300EE4FD6 /* MainStoryboard_iPad.storyboard */ = {
			isa = PBXVariantGroup;
			children = (
				EEE3B454179CE56300EE4FD6 /* en */,
			);
			name = MainStoryboard_iPad.storyboard;
			sourceTree = "<group>";
		};
		EEE3B455179CE56300EE4FD6 /* MainStoryboard_iPhone.storyboard */ = {
			isa = PBXVariantGroup;
			children = (
				EEE3B456179CE56300EE4FD6 /* en */,
			);
			name = MainStoryboard_iPhone.storyboard;
			sourceTree = "<group>";
		};
/* End PBXVariantGroup section */

/* Begin XCBuildConfiguration section */
		EEE3B444179CE51000EE4FD6 /* Debug */ = {
			isa = XCBuildConfiguration;
			buildSettings = {
				ALWAYS_SEARCH_USER_PATHS = NO;
				CLANG_CXX_LANGUAGE_STANDARD = "gnu++0x";
				CLANG_CXX_LIBRARY = "libc++";
				CLANG_ENABLE_OBJC_ARC = YES;
				CLANG_WARN_CONSTANT_CONVERSION = YES;
				CLANG_WARN_EMPTY_BODY = YES;
				CLANG_WARN_ENUM_CONVERSION = YES;
				CLANG_WARN_INT_CONVERSION = YES;
				CLANG_WARN__DUPLICATE_METHOD_MATCH = YES;
				"CODE_SIGN_IDENTITY[sdk=iphoneos*]" = "iPhone Developer";
				COPY_PHASE_STRIP = NO;
				GCC_C_LANGUAGE_STANDARD = gnu99;
				GCC_DYNAMIC_NO_PIC = NO;
				GCC_OPTIMIZATION_LEVEL = 0;
				GCC_PREPROCESSOR_DEFINITIONS = (
					"DEBUG=1",
					"$(inherited)",
				);
				GCC_SYMBOLS_PRIVATE_EXTERN = NO;
				GCC_WARN_ABOUT_RETURN_TYPE = YES;
				GCC_WARN_UNINITIALIZED_AUTOS = YES;
				GCC_WARN_UNUSED_VARIABLE = YES;
				IPHONEOS_DEPLOYMENT_TARGET = 6.1;
				ONLY_ACTIVE_ARCH = YES;
				SDKROOT = iphoneos;
				TARGETED_DEVICE_FAMILY = "1,2";
			};
			name = Debug;
		};
		EEE3B445179CE51000EE4FD6 /* Release */ = {
			isa = XCBuildConfiguration;
			buildSettings = {
				ALWAYS_SEARCH_USER_PATHS = NO;
				CLANG_CXX_LANGUAGE_STANDARD = "gnu++0x";
				CLANG_CXX_LIBRARY = "libc++";
				CLANG_ENABLE_OBJC_ARC = YES;
				CLANG_WARN_CONSTANT_CONVERSION = YES;
				CLANG_WARN_EMPTY_BODY = YES;
				CLANG_WARN_ENUM_CONVERSION = YES;
				CLANG_WARN_INT_CONVERSION = YES;
				CLANG_WARN__DUPLICATE_METHOD_MATCH = YES;
				"CODE_SIGN_IDENTITY[sdk=iphoneos*]" = "iPhone Developer";
				COPY_PHASE_STRIP = YES;
				GCC_C_LANGUAGE_STANDARD = gnu99;
				GCC_WARN_ABOUT_RETURN_TYPE = YES;
				GCC_WARN_UNINITIALIZED_AUTOS = YES;
				GCC_WARN_UNUSED_VARIABLE = YES;
				IPHONEOS_DEPLOYMENT_TARGET = 6.1;
				OTHER_CFLAGS = "-DNS_BLOCK_ASSERTIONS=1";
				SDKROOT = iphoneos;
				TARGETED_DEVICE_FAMILY = "1,2";
				VALIDATE_PRODUCT = YES;
			};
			name = Release;
		};
		EEE3B447179CE51000EE4FD6 /* Debug */ = {
			isa = XCBuildConfiguration;
			buildSettings = {
				GCC_PRECOMPILE_PREFIX_HEADER = YES;
				GCC_PREFIX_HEADER = "App/Database-Prefix.pch";
				INFOPLIST_EXPAND_BUILD_SETTINGS = YES;
				INFOPLIST_FILE = "App/Database-Info.plist";
				INFOPLIST_PREPROCESS = NO;
				PRODUCT_NAME = "$(TARGET_NAME)";
				WRAPPER_EXTENSION = app;
			};
			name = Debug;
		};
		EEE3B448179CE51000EE4FD6 /* Release */ = {
			isa = XCBuildConfiguration;
			buildSettings = {
				GCC_PRECOMPILE_PREFIX_HEADER = YES;
				GCC_PREFIX_HEADER = "App/Database-Prefix.pch";
				INFOPLIST_EXPAND_BUILD_SETTINGS = YES;
				INFOPLIST_FILE = "App/Database-Info.plist";
				INFOPLIST_PREPROCESS = NO;
				PRODUCT_NAME = "$(TARGET_NAME)";
				WRAPPER_EXTENSION = app;
			};
			name = Release;
		};
/* End XCBuildConfiguration section */

/* Begin XCConfigurationList section */
		EEE3B41B179CE51000EE4FD6 /* Build configuration list for PBXProject "Database" */ = {
			isa = XCConfigurationList;
			buildConfigurations = (
				EEE3B444179CE51000EE4FD6 /* Debug */,
				EEE3B445179CE51000EE4FD6 /* Release */,
			);
			defaultConfigurationIsVisible = 0;
			defaultConfigurationName = Release;
		};
		EEE3B446179CE51000EE4FD6 /* Build configuration list for PBXNativeTarget "Database" */ = {
			isa = XCConfigurationList;
			buildConfigurations = (
				EEE3B447179CE51000EE4FD6 /* Debug */,
				EEE3B448179CE51000EE4FD6 /* Release */,
			);
			defaultConfigurationIsVisible = 0;
			defaultConfigurationName = Release;
		};
/* End XCConfigurationList section */

/* Begin XCVersionGroup section */
		46BF7AA617AFEEF900678564 /* ReadWriteSaveConcurrent.xcdatamodeld */ = {
			isa = XCVersionGroup;
			children = (
				46BF7AA717AFEEFA00678564 /* ReadWriteSaveConcurrent.xcdatamodel */,
			);
			currentVersion = 46BF7AA717AFEEFA00678564 /* ReadWriteSaveConcurrent.xcdatamodel */;
			path = ReadWriteSaveConcurrent.xcdatamodeld;
			sourceTree = "<group>";
			versionGroupType = wrapper.xcdatamodel;
		};
		EE4A739317CAE2B000707821 /* FetchWithPredicateNil.xcdatamodeld */ = {
			isa = XCVersionGroup;
			children = (
				EE4A739417CAE2B000707821 /* FetchWithPredicateNil.xcdatamodel */,
			);
			currentVersion = EE4A739417CAE2B000707821 /* FetchWithPredicateNil.xcdatamodel */;
			path = FetchWithPredicateNil.xcdatamodeld;
			sourceTree = "<group>";
			versionGroupType = wrapper.xcdatamodel;
		};
		EE4DC69F17AB6CE2003EF354 /* SameAttributesForDifferentEntities.xcdatamodeld */ = {
			isa = XCVersionGroup;
			children = (
				EE4DC6A017AB6CE2003EF354 /* SameAttributesForDifferentEntities.xcdatamodel */,
			);
			currentVersion = EE4DC6A017AB6CE2003EF354 /* SameAttributesForDifferentEntities.xcdatamodel */;
			path = SameAttributesForDifferentEntities.xcdatamodeld;
			sourceTree = "<group>";
			versionGroupType = wrapper.xcdatamodel;
		};
		EEC7EEF017D6DE0F000B3D10 /* DerivedManagedObject.xcdatamodeld */ = {
			isa = XCVersionGroup;
			children = (
				EEC7EEF117D6DE0F000B3D10 /* DerivedManagedObject.xcdatamodel */,
			);
			currentVersion = EEC7EEF117D6DE0F000B3D10 /* DerivedManagedObject.xcdatamodel */;
			path = DerivedManagedObject.xcdatamodeld;
			sourceTree = "<group>";
			versionGroupType = wrapper.xcdatamodel;
		};
		EEC7F02117D97988000B3D10 /* ALAssetTransformer.xcdatamodeld */ = {
			isa = XCVersionGroup;
			children = (
				EEC7F02217D97988000B3D10 /* ALAssetTransformer.xcdatamodel */,
			);
			currentVersion = EEC7F02217D97988000B3D10 /* ALAssetTransformer.xcdatamodel */;
			path = ALAssetTransformer.xcdatamodeld;
			sourceTree = "<group>";
			versionGroupType = wrapper.xcdatamodel;
		};
		EEE3B45B179CE56300EE4FD6 /* NSDictionaryTransformer.xcdatamodeld */ = {
			isa = XCVersionGroup;
			children = (
				EEE3B45C179CE56300EE4FD6 /* NSDictionaryTransformer.xcdatamodel */,
			);
			currentVersion = EEE3B45C179CE56300EE4FD6 /* NSDictionaryTransformer.xcdatamodel */;
			path = NSDictionaryTransformer.xcdatamodeld;
			sourceTree = "<group>";
			versionGroupType = wrapper.xcdatamodel;
		};
		EEE3B480179D044A00EE4FD6 /* Local.xcdatamodeld */ = {
			isa = XCVersionGroup;
			children = (
				EEE3B481179D044A00EE4FD6 /* Local.xcdatamodel */,
			);
			currentVersion = EEE3B481179D044A00EE4FD6 /* Local.xcdatamodel */;
			path = Local.xcdatamodeld;
			sourceTree = "<group>";
			versionGroupType = wrapper.xcdatamodel;
		};
		EEE3B493179D17BD00EE4FD6 /* ToManyRelationship.xcdatamodeld */ = {
			isa = XCVersionGroup;
			children = (
				EEE3B494179D17BD00EE4FD6 /* ToManyRelationship.xcdatamodel */,
			);
			currentVersion = EEE3B494179D17BD00EE4FD6 /* ToManyRelationship.xcdatamodel */;
			path = ToManyRelationship.xcdatamodeld;
			sourceTree = "<group>";
			versionGroupType = wrapper.xcdatamodel;
		};
		EEE8391E179D3C59006F3575 /* TransformerRelationship.xcdatamodeld */ = {
			isa = XCVersionGroup;
			children = (
				EEE8391F179D3C59006F3575 /* TransformerRelationship.xcdatamodel */,
			);
			currentVersion = EEE8391F179D3C59006F3575 /* TransformerRelationship.xcdatamodel */;
			path = TransformerRelationship.xcdatamodeld;
			sourceTree = "<group>";
			versionGroupType = wrapper.xcdatamodel;
		};
/* End XCVersionGroup section */
	};
	rootObject = EEE3B418179CE51000EE4FD6 /* Project object */;
}
